{
  "originHash" : "8bb672a61b91690298a8cde3b06b0445f363fb19078a800e40d0a67c3077a89c",
  "pins" : [
    {
      "identity" : "personal-platform",
      "kind" : "remoteSourceControl",
      "location" : "https://github.com/Significant-Hobbies/personal-platform.git",
      "state" : {
        "revision" : "55176cac008d3857ef815d9bc5c8e74b68e7c3f3"
      }
    }
  ],
  "version" : 3
}
