{
  "originHash" : "8bb672a61b91690298a8cde3b06b0445f363fb19078a800e40d0a67c3077a89c",
  "pins" : [
    {
      "identity" : "personal-platform",
      "kind" : "remoteSourceControl",
      "location" : "https://github.com/Significant-Hobbies/personal-platform.git",
      "state" : {
        "branch" : "main",
        "revision" : "c956eb6b44fdb972ff449e1bfe3a02e7a5f28219"
      }
    }
  ],
  "version" : 3
}
