{
  "originHash" : "8bb672a61b91690298a8cde3b06b0445f363fb19078a800e40d0a67c3077a89c",
  "pins" : [
    {
      "identity" : "personal-platform",
      "kind" : "remoteSourceControl",
      "location" : "https://github.com/Significant-Hobbies/personal-platform.git",
      "state" : {
        "revision" : "a254f77f883e0ff3a85841ea9620754875a21666"
      }
    }
  ],
  "version" : 3
}
